
Microsoft Visual Studio Solution File, Format Version 12.00
# Visual Studio Version 17
VisualStudioVersion = 17.9.34728.123
MinimumVisualStudioVersion = 10.0.40219.1
Project("{FAE04EC0-301F-11D3-BF4B-00C04F79EFBC}") = "CafeteriaOrdering.API", "CafeteriaOrdering.API\CafeteriaOrdering.API.csproj", "{5FCC8FB4-9325-479E-A91E-BEB33DB4B74F}"
EndProject
Global
	GlobalSection(SolutionConfigurationPlatforms) = preSolution
		Debug|Any CPU = Debug|Any CPU
		Release|Any CPU = Release|Any CPU
	EndGlobalSection
	GlobalSection(ProjectConfigurationPlatforms) = postSolution
		{5FCC8FB4-9325-479E-A91E-BEB33DB4B74F}.Debug|Any CPU.ActiveCfg = Debug|Any CPU
		{5FCC8FB4-9325-479E-A91E-BEB33DB4B74F}.Debug|Any CPU.Build.0 = Debug|Any CPU
		{5FCC8FB4-9325-479E-A91E-BEB33DB4B74F}.Release|Any CPU.ActiveCfg = Release|Any CPU
		{5FCC8FB4-9325-479E-A91E-BEB33DB4B74F}.Release|Any CPU.Build.0 = Release|Any CPU
	EndGlobalSection
	GlobalSection(SolutionProperties) = preSolution
		HideSolutionNode = FALSE
	EndGlobalSection
	GlobalSection(ExtensibilityGlobals) = postSolution
		SolutionGuid = {CBD9DBE8-3624-41DC-9F17-A9CC3D19E9E5}
	EndGlobalSection
EndGlobal
